
Microsoft Visual Studio Solution File, Format Version 12.00
# Visual Studio 15
VisualStudioVersion = 15.0.28307.779
MinimumVisualStudioVersion = 10.0.40219.1
Project("{8BC9CEB8-8B4A-11D0-8D11-00A0C91BC942}") = "NumeroPrimo", "NumeroPrimo\NumeroPrimo.vcxproj", "{7E94BC1F-B176-444A-A21E-72CA38CA08CA}"
EndProject
Global
	GlobalSection(SolutionConfigurationPlatforms) = preSolution
		Debug|x64 = Debug|x64
		Debug|x86 = Debug|x86
		Release|x64 = Release|x64
		Release|x86 = Release|x86
	EndGlobalSection
	GlobalSection(ProjectConfigurationPlatforms) = postSolution
		{7E94BC1F-B176-444A-A21E-72CA38CA08CA}.Debug|x64.ActiveCfg = Debug|x64
		{7E94BC1F-B176-444A-A21E-72CA38CA08CA}.Debug|x64.Build.0 = Debug|x64
		{7E94BC1F-B176-444A-A21E-72CA38CA08CA}.Debug|x86.ActiveCfg = Debug|Win32
		{7E94BC1F-B176-444A-A21E-72CA38CA08CA}.Debug|x86.Build.0 = Debug|Win32
		{7E94BC1F-B176-444A-A21E-72CA38CA08CA}.Release|x64.ActiveCfg = Release|x64
		{7E94BC1F-B176-444A-A21E-72CA38CA08CA}.Release|x64.Build.0 = Release|x64
		{7E94BC1F-B176-444A-A21E-72CA38CA08CA}.Release|x86.ActiveCfg = Release|Win32
		{7E94BC1F-B176-444A-A21E-72CA38CA08CA}.Release|x86.Build.0 = Release|Win32
	EndGlobalSection
	GlobalSection(SolutionProperties) = preSolution
		HideSolutionNode = FALSE
	EndGlobalSection
	GlobalSection(ExtensibilityGlobals) = postSolution
		SolutionGuid = {132378D4-B902-43A7-9DAB-EC247CCF5102}
	EndGlobalSection
EndGlobal
